
Microsoft Visual Studio Solution File, Format Version 12.00
# Visual Studio Version 17
VisualStudioVersion = 17.14.36930.0 d17.14
MinimumVisualStudioVersion = 10.0.40219.1
Project("{FAE04EC0-301F-11D3-BF4B-00C04F79EFBC}") = "Kodeqa", "Kodeqa.csproj", "{AE54338E-1FF6-4DB5-97B1-BFF56BB9A9A3}"
EndProject
Global
	GlobalSection(SolutionConfigurationPlatforms) = preSolution
		Debug|Any CPU = Debug|Any CPU
		Release|Any CPU = Release|Any CPU
	EndGlobalSection
	GlobalSection(ProjectConfigurationPlatforms) = postSolution
		{AE54338E-1FF6-4DB5-97B1-BFF56BB9A9A3}.Debug|Any CPU.ActiveCfg = Debug|Any CPU
		{AE54338E-1FF6-4DB5-97B1-BFF56BB9A9A3}.Debug|Any CPU.Build.0 = Debug|Any CPU
		{AE54338E-1FF6-4DB5-97B1-BFF56BB9A9A3}.Release|Any CPU.ActiveCfg = Release|Any CPU
		{AE54338E-1FF6-4DB5-97B1-BFF56BB9A9A3}.Release|Any CPU.Build.0 = Release|Any CPU
	EndGlobalSection
	GlobalSection(SolutionProperties) = preSolution
		HideSolutionNode = FALSE
	EndGlobalSection
	GlobalSection(ExtensibilityGlobals) = postSolution
		SolutionGuid = {0E656D2A-B4F4-4C0E-B539-63EF20B35AF6}
	EndGlobalSection
EndGlobal
